
Microsoft Visual Studio Solution File, Format Version 12.00
# Visual Studio Version 16
VisualStudioVersion = 16.0.33027.164
MinimumVisualStudioVersion = 10.0.40219.1
Project("{9A19103F-16F7-4668-BE54-9A1E7A4F7556}") = "PizzeriaPadanana", "PizzeriaPadanana\PizzeriaPadanana.csproj", "{B5085072-58A0-4AEB-928A-DD515FF4186B}"
EndProject
Project("{54435603-DBB4-11D2-8724-00A0C9A8B90C}") = "Setup", "Setup\Setup.vdproj", "{C058FF6E-3886-45D7-81E2-3BF4F7A17473}"
EndProject
Global
	GlobalSection(SolutionConfigurationPlatforms) = preSolution
		Debug|Any CPU = Debug|Any CPU
		Release|Any CPU = Release|Any CPU
	EndGlobalSection
	GlobalSection(ProjectConfigurationPlatforms) = postSolution
		{B5085072-58A0-4AEB-928A-DD515FF4186B}.Debug|Any CPU.ActiveCfg = Debug|Any CPU
		{B5085072-58A0-4AEB-928A-DD515FF4186B}.Debug|Any CPU.Build.0 = Debug|Any CPU
		{B5085072-58A0-4AEB-928A-DD515FF4186B}.Release|Any CPU.ActiveCfg = Release|Any CPU
		{B5085072-58A0-4AEB-928A-DD515FF4186B}.Release|Any CPU.Build.0 = Release|Any CPU
		{C058FF6E-3886-45D7-81E2-3BF4F7A17473}.Debug|Any CPU.ActiveCfg = Debug
		{C058FF6E-3886-45D7-81E2-3BF4F7A17473}.Release|Any CPU.ActiveCfg = Release
	EndGlobalSection
	GlobalSection(SolutionProperties) = preSolution
		HideSolutionNode = FALSE
	EndGlobalSection
	GlobalSection(ExtensibilityGlobals) = postSolution
		SolutionGuid = {1C18016E-82EC-4DC1-B18A-5FD7754AF07E}
	EndGlobalSection
EndGlobal
