
Microsoft Visual Studio Solution File, Format Version 12.00
# Visual Studio Version 16
VisualStudioVersion = 16.0.33027.164
MinimumVisualStudioVersion = 10.0.40219.1
Project("{9A19103F-16F7-4668-BE54-9A1E7A4F7556}") = "3-VisualisationRelationsAPI", "3-VisualisationRelationsAPI\3-VisualisationRelationsAPI.csproj", "{013A66A1-8FD9-467A-9D27-7D06DF18AD74}"
EndProject
Global
	GlobalSection(SolutionConfigurationPlatforms) = preSolution
		Debug|Any CPU = Debug|Any CPU
		Release|Any CPU = Release|Any CPU
	EndGlobalSection
	GlobalSection(ProjectConfigurationPlatforms) = postSolution
		{013A66A1-8FD9-467A-9D27-7D06DF18AD74}.Debug|Any CPU.ActiveCfg = Debug|Any CPU
		{013A66A1-8FD9-467A-9D27-7D06DF18AD74}.Debug|Any CPU.Build.0 = Debug|Any CPU
		{013A66A1-8FD9-467A-9D27-7D06DF18AD74}.Release|Any CPU.ActiveCfg = Release|Any CPU
		{013A66A1-8FD9-467A-9D27-7D06DF18AD74}.Release|Any CPU.Build.0 = Release|Any CPU
	EndGlobalSection
	GlobalSection(SolutionProperties) = preSolution
		HideSolutionNode = FALSE
	EndGlobalSection
	GlobalSection(ExtensibilityGlobals) = postSolution
		SolutionGuid = {0D8F5D13-C987-4667-8C86-A773F69DFA88}
	EndGlobalSection
EndGlobal
