
Microsoft Visual Studio Solution File, Format Version 12.00
# Visual Studio Version 16
VisualStudioVersion = 16.0.33027.164
MinimumVisualStudioVersion = 10.0.40219.1
Project("{9A19103F-16F7-4668-BE54-9A1E7A4F7556}") = "4-TestsUnitaires", "4-TestsUnitaires\4-TestsUnitaires.csproj", "{F988E0BB-8AEA-45E1-A66B-6167814A786C}"
EndProject
Project("{FAE04EC0-301F-11D3-BF4B-00C04F79EFBC}") = "4-UnitTest", "4-UnitTest\4-UnitTest.csproj", "{4EE94729-6CBD-4E75-94B7-13CC825BDE9C}"
EndProject
Global
	GlobalSection(SolutionConfigurationPlatforms) = preSolution
		Debug|Any CPU = Debug|Any CPU
		Release|Any CPU = Release|Any CPU
	EndGlobalSection
	GlobalSection(ProjectConfigurationPlatforms) = postSolution
		{F988E0BB-8AEA-45E1-A66B-6167814A786C}.Debug|Any CPU.ActiveCfg = Debug|Any CPU
		{F988E0BB-8AEA-45E1-A66B-6167814A786C}.Debug|Any CPU.Build.0 = Debug|Any CPU
		{F988E0BB-8AEA-45E1-A66B-6167814A786C}.Release|Any CPU.ActiveCfg = Release|Any CPU
		{F988E0BB-8AEA-45E1-A66B-6167814A786C}.Release|Any CPU.Build.0 = Release|Any CPU
		{4EE94729-6CBD-4E75-94B7-13CC825BDE9C}.Debug|Any CPU.ActiveCfg = Debug|Any CPU
		{4EE94729-6CBD-4E75-94B7-13CC825BDE9C}.Debug|Any CPU.Build.0 = Debug|Any CPU
		{4EE94729-6CBD-4E75-94B7-13CC825BDE9C}.Release|Any CPU.ActiveCfg = Release|Any CPU
		{4EE94729-6CBD-4E75-94B7-13CC825BDE9C}.Release|Any CPU.Build.0 = Release|Any CPU
	EndGlobalSection
	GlobalSection(SolutionProperties) = preSolution
		HideSolutionNode = FALSE
	EndGlobalSection
	GlobalSection(ExtensibilityGlobals) = postSolution
		SolutionGuid = {9D90159C-E9CE-4131-B424-EC08E982F61B}
	EndGlobalSection
EndGlobal
