
Microsoft Visual Studio Solution File, Format Version 12.00
# Visual Studio Version 16
VisualStudioVersion = 16.0.33027.164
MinimumVisualStudioVersion = 10.0.40219.1
Project("{FAE04EC0-301F-11D3-BF4B-00C04F79EFBC}") = "4.5-GestionAdoptionSPATablette", "4.5-GestionAdoptionSPATablette\4.5-GestionAdoptionSPATablette.csproj", "{82967AB0-B40E-4A42-AAE4-730F2ED28817}"
EndProject
Global
	GlobalSection(SolutionConfigurationPlatforms) = preSolution
		Debug|Any CPU = Debug|Any CPU
		Release|Any CPU = Release|Any CPU
	EndGlobalSection
	GlobalSection(ProjectConfigurationPlatforms) = postSolution
		{82967AB0-B40E-4A42-AAE4-730F2ED28817}.Debug|Any CPU.ActiveCfg = Debug|Any CPU
		{82967AB0-B40E-4A42-AAE4-730F2ED28817}.Debug|Any CPU.Build.0 = Debug|Any CPU
		{82967AB0-B40E-4A42-AAE4-730F2ED28817}.Release|Any CPU.ActiveCfg = Release|Any CPU
		{82967AB0-B40E-4A42-AAE4-730F2ED28817}.Release|Any CPU.Build.0 = Release|Any CPU
	EndGlobalSection
	GlobalSection(SolutionProperties) = preSolution
		HideSolutionNode = FALSE
	EndGlobalSection
	GlobalSection(ExtensibilityGlobals) = postSolution
		SolutionGuid = {58AD2950-9B55-470A-9CB5-80CBEFD4043F}
	EndGlobalSection
EndGlobal
