
Microsoft Visual Studio Solution File, Format Version 12.00
# Visual Studio Version 16
VisualStudioVersion = 16.0.33027.164
MinimumVisualStudioVersion = 10.0.40219.1
Project("{FAE04EC0-301F-11D3-BF4B-00C04F79EFBC}") = "3-CreerAPI", "3-CreerAPI\3-CreerAPI.csproj", "{B346216D-A55D-44AA-982F-16A46456AA9B}"
EndProject
Global
	GlobalSection(SolutionConfigurationPlatforms) = preSolution
		Debug|Any CPU = Debug|Any CPU
		Release|Any CPU = Release|Any CPU
	EndGlobalSection
	GlobalSection(ProjectConfigurationPlatforms) = postSolution
		{B346216D-A55D-44AA-982F-16A46456AA9B}.Debug|Any CPU.ActiveCfg = Debug|Any CPU
		{B346216D-A55D-44AA-982F-16A46456AA9B}.Debug|Any CPU.Build.0 = Debug|Any CPU
		{B346216D-A55D-44AA-982F-16A46456AA9B}.Release|Any CPU.ActiveCfg = Release|Any CPU
		{B346216D-A55D-44AA-982F-16A46456AA9B}.Release|Any CPU.Build.0 = Release|Any CPU
	EndGlobalSection
	GlobalSection(SolutionProperties) = preSolution
		HideSolutionNode = FALSE
	EndGlobalSection
	GlobalSection(ExtensibilityGlobals) = postSolution
		SolutionGuid = {9956D98D-37EB-4903-87CC-253D00318437}
	EndGlobalSection
EndGlobal
